
Microsoft Visual Studio Solution File, Format Version 12.00
# Visual Studio Version 16
VisualStudioVersion = 16.0.30011.22
MinimumVisualStudioVersion = 10.0.40219.1
Project("{9A19103F-16F7-4668-BE54-9A1E7A4F7556}") = "coreprojecr2", "coreprojecr2\coreprojecr2.csproj", "{6178C498-3B65-40B7-BC8A-987D3EF46296}"
EndProject
Global
	GlobalSection(SolutionConfigurationPlatforms) = preSolution
		Debug|Any CPU = Debug|Any CPU
		Release|Any CPU = Release|Any CPU
	EndGlobalSection
	GlobalSection(ProjectConfigurationPlatforms) = postSolution
		{6178C498-3B65-40B7-BC8A-987D3EF46296}.Debug|Any CPU.ActiveCfg = Debug|Any CPU
		{6178C498-3B65-40B7-BC8A-987D3EF46296}.Debug|Any CPU.Build.0 = Debug|Any CPU
		{6178C498-3B65-40B7-BC8A-987D3EF46296}.Release|Any CPU.ActiveCfg = Release|Any CPU
		{6178C498-3B65-40B7-BC8A-987D3EF46296}.Release|Any CPU.Build.0 = Release|Any CPU
	EndGlobalSection
	GlobalSection(SolutionProperties) = preSolution
		HideSolutionNode = FALSE
	EndGlobalSection
	GlobalSection(ExtensibilityGlobals) = postSolution
		SolutionGuid = {1AFA0A34-AA4E-4239-B3C5-390301E87126}
	EndGlobalSection
EndGlobal
